// !$*UTF8*$!
{
	archiveVersion = 1;
	classes = {
	};
	objectVersion = 46;
	objects = {

/* Begin PBXBuildFile section */
		FB54BB351C52E09E006D17F2 /* AppDelegate.swift in Sources */ = {isa = PBXBuildFile; fileRef = FB54BB341C52E09E006D17F2 /* AppDelegate.swift */; };
		FB54BB371C52E09E006D17F2 /* ViewController.swift in Sources */ = {isa = PBXBuildFile; fileRef = FB54BB361C52E09E006D17F2 /* ViewController.swift */; };
		FB54BB391C52E09E006D17F2 /* Assets.xcassets in Resources */ = {isa = PBXBuildFile; fileRef = FB54BB381C52E09E006D17F2 /* Assets.xcassets */; };
		FB54BB3C1C52E09E006D17F2 /* Main.storyboard in Resources */ = {isa = PBXBuildFile; fileRef = FB54BB3A1C52E09E006D17F2 /* Main.storyboard */; };
		FB54BB441C52E0D7006D17F2 /* ressources in Resources */ = {isa = PBXBuildFile; fileRef = FB54BB431C52E0D7006D17F2 /* ressources */; settings = {ASSET_TAGS = (); }; };
		FB54BB461C52EB3F006D17F2 /* applescript in Resources */ = {isa = PBXBuildFile; fileRef = FB54BB451C52EB3F006D17F2 /* applescript */; settings = {ASSET_TAGS = (); }; };
/* End PBXBuildFile section */

/* Begin PBXFileReference section */
		FB54BB311C52E09E006D17F2 /* QtVlcPlaypause.app */ = {isa = PBXFileReference; explicitFileType = wrapper.application; includeInIndex = 0; path = QtVlcPlaypause.app; sourceTree = BUILT_PRODUCTS_DIR; };
		FB54BB341C52E09E006D17F2 /* AppDelegate.swift */ = {isa = PBXFileReference; lastKnownFileType = sourcecode.swift; path = AppDelegate.swift; sourceTree = "<group>"; };
		FB54BB361C52E09E006D17F2 /* ViewController.swift */ = {isa = PBXFileReference; lastKnownFileType = sourcecode.swift; path = ViewController.swift; sourceTree = "<group>"; };
		FB54BB381C52E09E006D17F2 /* Assets.xcassets */ = {isa = PBXFileReference; lastKnownFileType = folder.assetcatalog; path = Assets.xcassets; sourceTree = "<group>"; };
		FB54BB3B1C52E09E006D17F2 /* Base */ = {isa = PBXFileReference; lastKnownFileType = file.storyboard; name = Base; path = Base.lproj/Main.storyboard; sourceTree = "<group>"; };
		FB54BB3D1C52E09E006D17F2 /* Info.plist */ = {isa = PBXFileReference; lastKnownFileType = text.plist.xml; path = Info.plist; sourceTree = "<group>"; };
		FB54BB431C52E0D7006D17F2 /* ressources */ = {isa = PBXFileReference; lastKnownFileType = folder; path = ressources; sourceTree = "<group>"; };
		FB54BB451C52EB3F006D17F2 /* applescript */ = {isa = PBXFileReference; lastKnownFileType = folder; path = applescript; sourceTree = "<group>"; };
/* End PBXFileReference section */

/* Begin PBXFrameworksBuildPhase section */
		FB54BB2E1C52E09E006D17F2 /* Frameworks */ = {
			isa = PBXFrameworksBuildPhase;
			buildActionMask = 2147483647;
			files = (
			);
			runOnlyForDeploymentPostprocessing = 0;
		};
/* End PBXFrameworksBuildPhase section */

/* Begin PBXGroup section */
		FB54BB281C52E09E006D17F2 = {
			isa = PBXGroup;
			children = (
				FB54BB331C52E09E006D17F2 /* QtVlcPlaypause */,
				FB54BB321C52E09E006D17F2 /* Products */,
			);
			sourceTree = "<group>";
		};
		FB54BB321C52E09E006D17F2 /* Products */ = {
			isa = PBXGroup;
			children = (
				FB54BB311C52E09E006D17F2 /* QtVlcPlaypause.app */,
			);
			name = Products;
			sourceTree = "<group>";
		};
		FB54BB331C52E09E006D17F2 /* QtVlcPlaypause */ = {
			isa = PBXGroup;
			children = (
				FB54BB341C52E09E006D17F2 /* AppDelegate.swift */,
				FB54BB361C52E09E006D17F2 /* ViewController.swift */,
				FB54BB381C52E09E006D17F2 /* Assets.xcassets */,
				FB54BB3A1C52E09E006D17F2 /* Main.storyboard */,
				FB54BB3D1C52E09E006D17F2 /* Info.plist */,
				FB54BB451C52EB3F006D17F2 /* applescript */,
				FB54BB431C52E0D7006D17F2 /* ressources */,
			);
			path = QtVlcPlaypause;
			sourceTree = "<group>";
		};
/* End PBXGroup section */

/* Begin PBXNativeTarget section */
		FB54BB301C52E09E006D17F2 /* QtVlcPlaypause */ = {
			isa = PBXNativeTarget;
			buildConfigurationList = FB54BB401C52E09E006D17F2 /* Build configuration list for PBXNativeTarget "QtVlcPlaypause" */;
			buildPhases = (
				FB54BB2D1C52E09E006D17F2 /* Sources */,
				FB54BB2E1C52E09E006D17F2 /* Frameworks */,
				FB54BB2F1C52E09E006D17F2 /* Resources */,
			);
			buildRules = (
			);
			dependencies = (
			);
			name = QtVlcPlaypause;
			productName = QtVlcPlaypause;
			productReference = FB54BB311C52E09E006D17F2 /* QtVlcPlaypause.app */;
			productType = "com.apple.product-type.application";
		};
/* End PBXNativeTarget section */

/* Begin PBXProject section */
		FB54BB291C52E09E006D17F2 /* Project object */ = {
			isa = PBXProject;
			attributes = {
				LastUpgradeCheck = 0700;
				ORGANIZATIONNAME = Spyroland;
				TargetAttributes = {
					FB54BB301C52E09E006D17F2 = {
						CreatedOnToolsVersion = 7.0;
					};
				};
			};
			buildConfigurationList = FB54BB2C1C52E09E006D17F2 /* Build configuration list for PBXProject "QtVlcPlaypause" */;
			compatibilityVersion = "Xcode 3.2";
			developmentRegion = English;
			hasScannedForEncodings = 0;
			knownRegions = (
				en,
				Base,
			);
			mainGroup = FB54BB281C52E09E006D17F2;
			productRefGroup = FB54BB321C52E09E006D17F2 /* Products */;
			projectDirPath = "";
			projectRoot = "";
			targets = (
				FB54BB301C52E09E006D17F2 /* QtVlcPlaypause */,
			);
		};
/* End PBXProject section */

/* Begin PBXResourcesBuildPhase section */
		FB54BB2F1C52E09E006D17F2 /* Resources */ = {
			isa = PBXResourcesBuildPhase;
			buildActionMask = 2147483647;
			files = (
				FB54BB391C52E09E006D17F2 /* Assets.xcassets in Resources */,
				FB54BB441C52E0D7006D17F2 /* ressources in Resources */,
				FB54BB461C52EB3F006D17F2 /* applescript in Resources */,
				FB54BB3C1C52E09E006D17F2 /* Main.storyboard in Resources */,
			);
			runOnlyForDeploymentPostprocessing = 0;
		};
/* End PBXResourcesBuildPhase section */

/* Begin PBXSourcesBuildPhase section */
		FB54BB2D1C52E09E006D17F2 /* Sources */ = {
			isa = PBXSourcesBuildPhase;
			buildActionMask = 2147483647;
			files = (
				FB54BB371C52E09E006D17F2 /* ViewController.swift in Sources */,
				FB54BB351C52E09E006D17F2 /* AppDelegate.swift in Sources */,
			);
			runOnlyForDeploymentPostprocessing = 0;
		};
/* End PBXSourcesBuildPhase section */

/* Begin PBXVariantGroup section */
		FB54BB3A1C52E09E006D17F2 /* Main.storyboard */ = {
			isa = PBXVariantGroup;
			children = (
				FB54BB3B1C52E09E006D17F2 /* Base */,
			);
			name = Main.storyboard;
			sourceTree = "<group>";
		};
/* End PBXVariantGroup section */

/* Begin XCBuildConfiguration section */
		FB54BB3E1C52E09E006D17F2 /* Debug */ = {
			isa = XCBuildConfiguration;
			buildSettings = {
				ALWAYS_SEARCH_USER_PATHS = NO;
				CLANG_CXX_LANGUAGE_STANDARD = "gnu++0x";
				CLANG_CXX_LIBRARY = "libc++";
				CLANG_ENABLE_MODULES = YES;
				CLANG_ENABLE_OBJC_ARC = YES;
				CLANG_WARN_BOOL_CONVERSION = YES;
				CLANG_WARN_CONSTANT_CONVERSION = YES;
				CLANG_WARN_DIRECT_OBJC_ISA_USAGE = YES_ERROR;
				CLANG_WARN_EMPTY_BODY = YES;
				CLANG_WARN_ENUM_CONVERSION = YES;
				CLANG_WARN_INT_CONVERSION = YES;
				CLANG_WARN_OBJC_ROOT_CLASS = YES_ERROR;
				CLANG_WARN_UNREACHABLE_CODE = YES;
				CLANG_WARN__DUPLICATE_METHOD_MATCH = YES;
				CODE_SIGN_IDENTITY = "-";
				COPY_PHASE_STRIP = NO;
				DEBUG_INFORMATION_FORMAT = dwarf;
				ENABLE_STRICT_OBJC_MSGSEND = YES;
				ENABLE_TESTABILITY = YES;
				GCC_C_LANGUAGE_STANDARD = gnu99;
				GCC_DYNAMIC_NO_PIC = NO;
				GCC_NO_COMMON_BLOCKS = YES;
				GCC_OPTIMIZATION_LEVEL = 0;
				GCC_PREPROCESSOR_DEFINITIONS = (
					"DEBUG=1",
					"$(inherited)",
				);
				GCC_WARN_64_TO_32_BIT_CONVERSION = YES;
				GCC_WARN_ABOUT_RETURN_TYPE = YES_ERROR;
				GCC_WARN_UNDECLARED_SELECTOR = YES;
				GCC_WARN_UNINITIALIZED_AUTOS = YES_AGGRESSIVE;
				GCC_WARN_UNUSED_FUNCTION = YES;
				GCC_WARN_UNUSED_VARIABLE = YES;
				MACOSX_DEPLOYMENT_TARGET = 10.11;
				MTL_ENABLE_DEBUG_INFO = YES;
				ONLY_ACTIVE_ARCH = YES;
				SDKROOT = macosx;
				SWIFT_OPTIMIZATION_LEVEL = "-Onone";
			};
			name = Debug;
		};
		FB54BB3F1C52E09E006D17F2 /* Release */ = {
			isa = XCBuildConfiguration;
			buildSettings = {
				ALWAYS_SEARCH_USER_PATHS = NO;
				CLANG_CXX_LANGUAGE_STANDARD = "gnu++0x";
				CLANG_CXX_LIBRARY = "libc++";
				CLANG_ENABLE_MODULES = YES;
				CLANG_ENABLE_OBJC_ARC = YES;
				CLANG_WARN_BOOL_CONVERSION = YES;
				CLANG_WARN_CONSTANT_CONVERSION = YES;
				CLANG_WARN_DIRECT_OBJC_ISA_USAGE = YES_ERROR;
				CLANG_WARN_EMPTY_BODY = YES;
				CLANG_WARN_ENUM_CONVERSION = YES;
				CLANG_WARN_INT_CONVERSION = YES;
				CLANG_WARN_OBJC_ROOT_CLASS = YES_ERROR;
				CLANG_WARN_UNREACHABLE_CODE = YES;
				CLANG_WARN__DUPLICATE_METHOD_MATCH = YES;
				CODE_SIGN_IDENTITY = "-";
				COPY_PHASE_STRIP = NO;
				DEBUG_INFORMATION_FORMAT = "dwarf-with-dsym";
				ENABLE_NS_ASSERTIONS = NO;
				ENABLE_STRICT_OBJC_MSGSEND = YES;
				GCC_C_LANGUAGE_STANDARD = gnu99;
				GCC_NO_COMMON_BLOCKS = YES;
				GCC_WARN_64_TO_32_BIT_CONVERSION = YES;
				GCC_WARN_ABOUT_RETURN_TYPE = YES_ERROR;
				GCC_WARN_UNDECLARED_SELECTOR = YES;
				GCC_WARN_UNINITIALIZED_AUTOS = YES_AGGRESSIVE;
				GCC_WARN_UNUSED_FUNCTION = YES;
				GCC_WARN_UNUSED_VARIABLE = YES;
				MACOSX_DEPLOYMENT_TARGET = 10.11;
				MTL_ENABLE_DEBUG_INFO = NO;
				SDKROOT = macosx;
			};
			name = Release;
		};
		FB54BB411C52E09E006D17F2 /* Debug */ = {
			isa = XCBuildConfiguration;
			buildSettings = {
				ASSETCATALOG_COMPILER_APPICON_NAME = AppIcon;
				COMBINE_HIDPI_IMAGES = YES;
				INFOPLIST_FILE = QtVlcPlaypause/Info.plist;
				LD_RUNPATH_SEARCH_PATHS = "$(inherited) @executable_path/../Frameworks";
				PRODUCT_BUNDLE_IDENTIFIER = net.spyroland.QtVlcPlaypause;
				PRODUCT_NAME = "$(TARGET_NAME)";
			};
			name = Debug;
		};
		FB54BB421C52E09E006D17F2 /* Release */ = {
			isa = XCBuildConfiguration;
			buildSettings = {
				ASSETCATALOG_COMPILER_APPICON_NAME = AppIcon;
				COMBINE_HIDPI_IMAGES = YES;
				INFOPLIST_FILE = QtVlcPlaypause/Info.plist;
				LD_RUNPATH_SEARCH_PATHS = "$(inherited) @executable_path/../Frameworks";
				PRODUCT_BUNDLE_IDENTIFIER = net.spyroland.QtVlcPlaypause;
				PRODUCT_NAME = "$(TARGET_NAME)";
			};
			name = Release;
		};
/* End XCBuildConfiguration section */

/* Begin XCConfigurationList section */
		FB54BB2C1C52E09E006D17F2 /* Build configuration list for PBXProject "QtVlcPlaypause" */ = {
			isa = XCConfigurationList;
			buildConfigurations = (
				FB54BB3E1C52E09E006D17F2 /* Debug */,
				FB54BB3F1C52E09E006D17F2 /* Release */,
			);
			defaultConfigurationIsVisible = 0;
			defaultConfigurationName = Release;
		};
		FB54BB401C52E09E006D17F2 /* Build configuration list for PBXNativeTarget "QtVlcPlaypause" */ = {
			isa = XCConfigurationList;
			buildConfigurations = (
				FB54BB411C52E09E006D17F2 /* Debug */,
				FB54BB421C52E09E006D17F2 /* Release */,
			);
			defaultConfigurationIsVisible = 0;
		};
/* End XCConfigurationList section */
	};
	rootObject = FB54BB291C52E09E006D17F2 /* Project object */;
}
